# Build-only wheels for the reviewed darwin-arm64 release runner. Runtime
# dependencies remain exclusively in ../uv.lock. Bootstrap with the pinned
# Python distribution's bundled pip:
#   python -I -m pip install --no-deps --only-binary=:all: \
#     --require-hashes -r build-requirements.lock
#
# Only the macOS universal2 PyInstaller wheel is trusted. The remaining wheels
# are platform-independent. Every digest is the SHA-256 published by PyPI.
altgraph==0.17.4 \
    --hash=sha256:642743b4750de17e655e6711601b077bc6598dbfa3ba5fa2b2a35ce12b508dff
macholib==1.16.3 \
    --hash=sha256:0e315d7583d38b8c77e815b1ecbdbf504a8258d8b3e17b61165c6feb60d18f2c
packaging==26.2 \
    --hash=sha256:5fc45236b9446107ff2415ce77c807cee2862cb6fac22b8a73826d0693b0980e
pyinstaller==6.21.0 \
    --hash=sha256:327d132389f37912609e01be62810cf96b5aa95b613903e4b8692e0d12fb0eda
pyinstaller-hooks-contrib==2026.6 \
    --hash=sha256:fd13b8ac126b35361175edacd41a0d97080b75dd5f4b594ecefefff969509dd3
setuptools==83.0.0 \
    --hash=sha256:29b23c360f22f414dc7336bb39178cc7bcbf6021ed2733cde173f09dba19abb3
uv==0.11.29 \
    --hash=sha256:257c6df4393116114f296f7a02f51db9a2117f68c3ae93bbe218fa79e6521df3
